
Microsoft Visual Studio Solution File, Format Version 12.00
# Visual Studio Version 17
VisualStudioVersion = 17.6.33723.286
MinimumVisualStudioVersion = 10.0.40219.1
Project("{8BC9CEB8-8B4A-11D0-8D11-00A0C91BC942}") = "Cpp_01", "Cpp_01\Cpp_01.vcxproj", "{847E364D-FDE2-4B5F-9BB8-18619D8CBC2C}"
EndProject
Project("{8BC9CEB8-8B4A-11D0-8D11-00A0C91BC942}") = "Cpp_03", "Cpp_03\Cpp_03.vcxproj", "{FEA39B7C-4F18-4AA0-80C9-38D98BD86BBE}"
EndProject
Project("{8BC9CEB8-8B4A-11D0-8D11-00A0C91BC942}") = "Cpp_04", "Cpp_04\Cpp_04.vcxproj", "{4B42329F-1CB3-48FC-9B70-3AEE0BCF82A1}"
EndProject
Project("{8BC9CEB8-8B4A-11D0-8D11-00A0C91BC942}") = "Cpp_05", "Cpp_05\Cpp_05.vcxproj", "{F9D70C48-2888-4816-BCFE-EAC24735EDFD}"
EndProject
Global
	GlobalSection(SolutionConfigurationPlatforms) = preSolution
		Debug|x64 = Debug|x64
		Debug|x86 = Debug|x86
		Release|x64 = Release|x64
		Release|x86 = Release|x86
	EndGlobalSection
	GlobalSection(ProjectConfigurationPlatforms) = postSolution
		{847E364D-FDE2-4B5F-9BB8-18619D8CBC2C}.Debug|x64.ActiveCfg = Debug|x64
		{847E364D-FDE2-4B5F-9BB8-18619D8CBC2C}.Debug|x64.Build.0 = Debug|x64
		{847E364D-FDE2-4B5F-9BB8-18619D8CBC2C}.Debug|x86.ActiveCfg = Debug|Win32
		{847E364D-FDE2-4B5F-9BB8-18619D8CBC2C}.Debug|x86.Build.0 = Debug|Win32
		{847E364D-FDE2-4B5F-9BB8-18619D8CBC2C}.Release|x64.ActiveCfg = Release|x64
		{847E364D-FDE2-4B5F-9BB8-18619D8CBC2C}.Release|x64.Build.0 = Release|x64
		{847E364D-FDE2-4B5F-9BB8-18619D8CBC2C}.Release|x86.ActiveCfg = Release|Win32
		{847E364D-FDE2-4B5F-9BB8-18619D8CBC2C}.Release|x86.Build.0 = Release|Win32
		{FEA39B7C-4F18-4AA0-80C9-38D98BD86BBE}.Debug|x64.ActiveCfg = Debug|x64
		{FEA39B7C-4F18-4AA0-80C9-38D98BD86BBE}.Debug|x64.Build.0 = Debug|x64
		{FEA39B7C-4F18-4AA0-80C9-38D98BD86BBE}.Debug|x86.ActiveCfg = Debug|Win32
		{FEA39B7C-4F18-4AA0-80C9-38D98BD86BBE}.Debug|x86.Build.0 = Debug|Win32
		{FEA39B7C-4F18-4AA0-80C9-38D98BD86BBE}.Release|x64.ActiveCfg = Release|x64
		{FEA39B7C-4F18-4AA0-80C9-38D98BD86BBE}.Release|x64.Build.0 = Release|x64
		{FEA39B7C-4F18-4AA0-80C9-38D98BD86BBE}.Release|x86.ActiveCfg = Release|Win32
		{FEA39B7C-4F18-4AA0-80C9-38D98BD86BBE}.Release|x86.Build.0 = Release|Win32
		{4B42329F-1CB3-48FC-9B70-3AEE0BCF82A1}.Debug|x64.ActiveCfg = Debug|x64
		{4B42329F-1CB3-48FC-9B70-3AEE0BCF82A1}.Debug|x64.Build.0 = Debug|x64
		{4B42329F-1CB3-48FC-9B70-3AEE0BCF82A1}.Debug|x86.ActiveCfg = Debug|Win32
		{4B42329F-1CB3-48FC-9B70-3AEE0BCF82A1}.Debug|x86.Build.0 = Debug|Win32
		{4B42329F-1CB3-48FC-9B70-3AEE0BCF82A1}.Release|x64.ActiveCfg = Release|x64
		{4B42329F-1CB3-48FC-9B70-3AEE0BCF82A1}.Release|x64.Build.0 = Release|x64
		{4B42329F-1CB3-48FC-9B70-3AEE0BCF82A1}.Release|x86.ActiveCfg = Release|Win32
		{4B42329F-1CB3-48FC-9B70-3AEE0BCF82A1}.Release|x86.Build.0 = Release|Win32
		{F9D70C48-2888-4816-BCFE-EAC24735EDFD}.Debug|x64.ActiveCfg = Debug|x64
		{F9D70C48-2888-4816-BCFE-EAC24735EDFD}.Debug|x64.Build.0 = Debug|x64
		{F9D70C48-2888-4816-BCFE-EAC24735EDFD}.Debug|x86.ActiveCfg = Debug|Win32
		{F9D70C48-2888-4816-BCFE-EAC24735EDFD}.Debug|x86.Build.0 = Debug|Win32
		{F9D70C48-2888-4816-BCFE-EAC24735EDFD}.Release|x64.ActiveCfg = Release|x64
		{F9D70C48-2888-4816-BCFE-EAC24735EDFD}.Release|x64.Build.0 = Release|x64
		{F9D70C48-2888-4816-BCFE-EAC24735EDFD}.Release|x86.ActiveCfg = Release|Win32
		{F9D70C48-2888-4816-BCFE-EAC24735EDFD}.Release|x86.Build.0 = Release|Win32
	EndGlobalSection
	GlobalSection(SolutionProperties) = preSolution
		HideSolutionNode = FALSE
	EndGlobalSection
	GlobalSection(ExtensibilityGlobals) = postSolution
		SolutionGuid = {2EF24E68-1B01-4F9E-9528-649C01B86D44}
	EndGlobalSection
EndGlobal
